// !$*UTF8*$!
{
	archiveVersion = 1;
	classes = {
	};
	objectVersion = 77;
	objects = {

/* Begin PBXBuildFile section */
		A059D4EAB44551B48E067815 /* Views.swift in Sources */ = {isa = PBXBuildFile; fileRef = E46F7E7FED8B449363B9BC46 /* Views.swift */; };
		CDAEA00836DE25788767EBE2 /* ReconModel.swift in Sources */ = {isa = PBXBuildFile; fileRef = FB3F0A92FB5511EC056B57BB /* ReconModel.swift */; };
		D52DB56734832A32E1F7F4DB /* DicyaninSceneReconstruction in Frameworks */ = {isa = PBXBuildFile; productRef = 0C1D4DB9ED696AD197F4427B /* DicyaninSceneReconstruction */; };
		F7EC93E15D32912AD95341DA /* ExampleApp.swift in Sources */ = {isa = PBXBuildFile; fileRef = AF862DB4D29E6C5498DF8B8F /* ExampleApp.swift */; };
/* End PBXBuildFile section */

/* Begin PBXFileReference section */
		459527FC58034AC773E5C32B /* DicyaninSceneReconstructionExample.app */ = {isa = PBXFileReference; includeInIndex = 0; lastKnownFileType = wrapper.application; path = DicyaninSceneReconstructionExample.app; sourceTree = BUILT_PRODUCTS_DIR; };
		6863E7B28CC6CEECA4FCAFFD /* Info.plist */ = {isa = PBXFileReference; lastKnownFileType = text.plist; path = Info.plist; sourceTree = "<group>"; };
		AF862DB4D29E6C5498DF8B8F /* ExampleApp.swift */ = {isa = PBXFileReference; lastKnownFileType = sourcecode.swift; path = ExampleApp.swift; sourceTree = "<group>"; };
		B96E53EC0AF30169442A7649 /* DicyaninSceneReconstruction */ = {isa = PBXFileReference; lastKnownFileType = folder; name = DicyaninSceneReconstruction; path = ..; sourceTree = SOURCE_ROOT; };
		E46F7E7FED8B449363B9BC46 /* Views.swift */ = {isa = PBXFileReference; lastKnownFileType = sourcecode.swift; path = Views.swift; sourceTree = "<group>"; };
		FB3F0A92FB5511EC056B57BB /* ReconModel.swift */ = {isa = PBXFileReference; lastKnownFileType = sourcecode.swift; path = ReconModel.swift; sourceTree = "<group>"; };
/* End PBXFileReference section */

/* Begin PBXFrameworksBuildPhase section */
		AA50E09F7C99D09C80FBD07A /* Frameworks */ = {
			isa = PBXFrameworksBuildPhase;
			buildActionMask = 2147483647;
			files = (
				D52DB56734832A32E1F7F4DB /* DicyaninSceneReconstruction in Frameworks */,
			);
			runOnlyForDeploymentPostprocessing = 0;
		};
/* End PBXFrameworksBuildPhase section */

/* Begin PBXGroup section */
		72CF65CBA8666CB392DF21A8 /* Example */ = {
			isa = PBXGroup;
			children = (
				AF862DB4D29E6C5498DF8B8F /* ExampleApp.swift */,
				6863E7B28CC6CEECA4FCAFFD /* Info.plist */,
				FB3F0A92FB5511EC056B57BB /* ReconModel.swift */,
				E46F7E7FED8B449363B9BC46 /* Views.swift */,
			);
			path = Example;
			sourceTree = "<group>";
		};
		BFD2394BF091DAD2326B3B75 /* Packages */ = {
			isa = PBXGroup;
			children = (
				B96E53EC0AF30169442A7649 /* DicyaninSceneReconstruction */,
			);
			name = Packages;
			sourceTree = "<group>";
		};
		D96F164EC55D831A30738DBC = {
			isa = PBXGroup;
			children = (
				72CF65CBA8666CB392DF21A8 /* Example */,
				BFD2394BF091DAD2326B3B75 /* Packages */,
				F5BD592A6344F606F0041706 /* Products */,
			);
			sourceTree = "<group>";
		};
		F5BD592A6344F606F0041706 /* Products */ = {
			isa = PBXGroup;
			children = (
				459527FC58034AC773E5C32B /* DicyaninSceneReconstructionExample.app */,
			);
			name = Products;
			sourceTree = "<group>";
		};
/* End PBXGroup section */

/* Begin PBXNativeTarget section */
		9B713701D5A2F0B79A6A8D52 /* DicyaninSceneReconstructionExample */ = {
			isa = PBXNativeTarget;
			buildConfigurationList = FF064723C21C2EE6AD73202B /* Build configuration list for PBXNativeTarget "DicyaninSceneReconstructionExample" */;
			buildPhases = (
				137582FB0176BF483236BC43 /* Sources */,
				AA50E09F7C99D09C80FBD07A /* Frameworks */,
			);
			buildRules = (
			);
			dependencies = (
			);
			name = DicyaninSceneReconstructionExample;
			packageProductDependencies = (
				0C1D4DB9ED696AD197F4427B /* DicyaninSceneReconstruction */,
			);
			productName = DicyaninSceneReconstructionExample;
			productReference = 459527FC58034AC773E5C32B /* DicyaninSceneReconstructionExample.app */;
			productType = "com.apple.product-type.application";
		};
/* End PBXNativeTarget section */

/* Begin PBXProject section */
		77A0FD3D33AFA731F0E6F299 /* Project object */ = {
			isa = PBXProject;
			attributes = {
				BuildIndependentTargetsInParallel = YES;
				LastUpgradeCheck = 1430;
				TargetAttributes = {
				};
			};
			buildConfigurationList = 62B77DC9AD5B2EC92E2D5A4F /* Build configuration list for PBXProject "DicyaninSceneReconstructionExample" */;
			developmentRegion = en;
			hasScannedForEncodings = 0;
			knownRegions = (
				Base,
				en,
			);
			mainGroup = D96F164EC55D831A30738DBC;
			minimizedProjectReferenceProxies = 1;
			packageReferences = (
				809E60FB19D7EEE307C77C4B /* XCLocalSwiftPackageReference ".." */,
			);
			preferredProjectObjectVersion = 77;
			productRefGroup = F5BD592A6344F606F0041706 /* Products */;
			projectDirPath = "";
			projectRoot = "";
			targets = (
				9B713701D5A2F0B79A6A8D52 /* DicyaninSceneReconstructionExample */,
			);
		};
/* End PBXProject section */

/* Begin PBXSourcesBuildPhase section */
		137582FB0176BF483236BC43 /* Sources */ = {
			isa = PBXSourcesBuildPhase;
			buildActionMask = 2147483647;
			files = (
				F7EC93E15D32912AD95341DA /* ExampleApp.swift in Sources */,
				CDAEA00836DE25788767EBE2 /* ReconModel.swift in Sources */,
				A059D4EAB44551B48E067815 /* Views.swift in Sources */,
			);
			runOnlyForDeploymentPostprocessing = 0;
		};
/* End PBXSourcesBuildPhase section */

/* Begin XCBuildConfiguration section */
		362D4C58C191D02CF09905DD /* Release */ = {
			isa = XCBuildConfiguration;
			buildSettings = {
				ASSETCATALOG_COMPILER_APPICON_NAME = AppIcon;
				CODE_SIGNING_ALLOWED = NO;
				GENERATE_INFOPLIST_FILE = NO;
				INFOPLIST_FILE = Example/Info.plist;
				LD_RUNPATH_SEARCH_PATHS = (
					"$(inherited)",
					"@executable_path/Frameworks",
				);
				PRODUCT_BUNDLE_IDENTIFIER = com.dicyanin.SceneReconExample;
				SDKROOT = xros;
				SWIFT_VERSION = 6.0;
				TARGETED_DEVICE_FAMILY = 7;
			};
			name = Release;
		};
		3F6FFD797DCC76CEAFA3242B /* Release */ = {
			isa = XCBuildConfiguration;
			buildSettings = {
				ALWAYS_SEARCH_USER_PATHS = NO;
				CLANG_ANALYZER_NONNULL = YES;
				CLANG_ANALYZER_NUMBER_OBJECT_CONVERSION = YES_AGGRESSIVE;
				CLANG_CXX_LANGUAGE_STANDARD = "gnu++14";
				CLANG_CXX_LIBRARY = "libc++";
				CLANG_ENABLE_MODULES = YES;
				CLANG_ENABLE_OBJC_ARC = YES;
				CLANG_ENABLE_OBJC_WEAK = YES;
				CLANG_WARN_BLOCK_CAPTURE_AUTORELEASING = YES;
				CLANG_WARN_BOOL_CONVERSION = YES;
				CLANG_WARN_COMMA = YES;
				CLANG_WARN_CONSTANT_CONVERSION = YES;
				CLANG_WARN_DEPRECATED_OBJC_IMPLEMENTATIONS = YES;
				CLANG_WARN_DIRECT_OBJC_ISA_USAGE = YES_ERROR;
				CLANG_WARN_DOCUMENTATION_COMMENTS = YES;
				CLANG_WARN_EMPTY_BODY = YES;
				CLANG_WARN_ENUM_CONVERSION = YES;
				CLANG_WARN_INFINITE_RECURSION = YES;
				CLANG_WARN_INT_CONVERSION = YES;
				CLANG_WARN_NON_LITERAL_NULL_CONVERSION = YES;
				CLANG_WARN_OBJC_IMPLICIT_RETAIN_SELF = YES;
				CLANG_WARN_OBJC_LITERAL_CONVERSION = YES;
				CLANG_WARN_OBJC_ROOT_CLASS = YES_ERROR;
				CLANG_WARN_QUOTED_INCLUDE_IN_FRAMEWORK_HEADER = YES;
				CLANG_WARN_RANGE_LOOP_ANALYSIS = YES;
				CLANG_WARN_STRICT_PROTOTYPES = YES;
				CLANG_WARN_SUSPICIOUS_MOVE = YES;
				CLANG_WARN_UNGUARDED_AVAILABILITY = YES_AGGRESSIVE;
				CLANG_WARN_UNREACHABLE_CODE = YES;
				CLANG_WARN__DUPLICATE_METHOD_MATCH = YES;
				COPY_PHASE_STRIP = NO;
				DEBUG_INFORMATION_FORMAT = "dwarf-with-dsym";
				ENABLE_NS_ASSERTIONS = NO;
				ENABLE_STRICT_OBJC_MSGSEND = YES;
				GCC_C_LANGUAGE_STANDARD = gnu11;
				GCC_NO_COMMON_BLOCKS = YES;
				GCC_WARN_64_TO_32_BIT_CONVERSION = YES;
				GCC_WARN_ABOUT_RETURN_TYPE = YES_ERROR;
				GCC_WARN_UNDECLARED_SELECTOR = YES;
				GCC_WARN_UNINITIALIZED_AUTOS = YES_AGGRESSIVE;
				GCC_WARN_UNUSED_FUNCTION = YES;
				GCC_WARN_UNUSED_VARIABLE = YES;
				MTL_ENABLE_DEBUG_INFO = NO;
				MTL_FAST_MATH = YES;
				PRODUCT_NAME = "$(TARGET_NAME)";
				SDKROOT = xros;
				SWIFT_COMPILATION_MODE = wholemodule;
				SWIFT_OPTIMIZATION_LEVEL = "-O";
				SWIFT_VERSION = 5.0;
				XROS_DEPLOYMENT_TARGET = 2.0;
			};
			name = Release;
		};
		CA90F20C86881C084307A9F1 /* Debug */ = {
			isa = XCBuildConfiguration;
			buildSettings = {
				ALWAYS_SEARCH_USER_PATHS = NO;
				CLANG_ANALYZER_NONNULL = YES;
				CLANG_ANALYZER_NUMBER_OBJECT_CONVERSION = YES_AGGRESSIVE;
				CLANG_CXX_LANGUAGE_STANDARD = "gnu++14";
				CLANG_CXX_LIBRARY = "libc++";
				CLANG_ENABLE_MODULES = YES;
				CLANG_ENABLE_OBJC_ARC = YES;
				CLANG_ENABLE_OBJC_WEAK = YES;
				CLANG_WARN_BLOCK_CAPTURE_AUTORELEASING = YES;
				CLANG_WARN_BOOL_CONVERSION = YES;
				CLANG_WARN_COMMA = YES;
				CLANG_WARN_CONSTANT_CONVERSION = YES;
				CLANG_WARN_DEPRECATED_OBJC_IMPLEMENTATIONS = YES;
				CLANG_WARN_DIRECT_OBJC_ISA_USAGE = YES_ERROR;
				CLANG_WARN_DOCUMENTATION_COMMENTS = YES;
				CLANG_WARN_EMPTY_BODY = YES;
				CLANG_WARN_ENUM_CONVERSION = YES;
				CLANG_WARN_INFINITE_RECURSION = YES;
				CLANG_WARN_INT_CONVERSION = YES;
				CLANG_WARN_NON_LITERAL_NULL_CONVERSION = YES;
				CLANG_WARN_OBJC_IMPLICIT_RETAIN_SELF = YES;
				CLANG_WARN_OBJC_LITERAL_CONVERSION = YES;
				CLANG_WARN_OBJC_ROOT_CLASS = YES_ERROR;
				CLANG_WARN_QUOTED_INCLUDE_IN_FRAMEWORK_HEADER = YES;
				CLANG_WARN_RANGE_LOOP_ANALYSIS = YES;
				CLANG_WARN_STRICT_PROTOTYPES = YES;
				CLANG_WARN_SUSPICIOUS_MOVE = YES;
				CLANG_WARN_UNGUARDED_AVAILABILITY = YES_AGGRESSIVE;
				CLANG_WARN_UNREACHABLE_CODE = YES;
				CLANG_WARN__DUPLICATE_METHOD_MATCH = YES;
				COPY_PHASE_STRIP = NO;
				DEBUG_INFORMATION_FORMAT = dwarf;
				ENABLE_STRICT_OBJC_MSGSEND = YES;
				ENABLE_TESTABILITY = YES;
				GCC_C_LANGUAGE_STANDARD = gnu11;
				GCC_DYNAMIC_NO_PIC = NO;
				GCC_NO_COMMON_BLOCKS = YES;
				GCC_OPTIMIZATION_LEVEL = 0;
				GCC_PREPROCESSOR_DEFINITIONS = (
					"$(inherited)",
					"DEBUG=1",
				);
				GCC_WARN_64_TO_32_BIT_CONVERSION = YES;
				GCC_WARN_ABOUT_RETURN_TYPE = YES_ERROR;
				GCC_WARN_UNDECLARED_SELECTOR = YES;
				GCC_WARN_UNINITIALIZED_AUTOS = YES_AGGRESSIVE;
				GCC_WARN_UNUSED_FUNCTION = YES;
				GCC_WARN_UNUSED_VARIABLE = YES;
				MTL_ENABLE_DEBUG_INFO = INCLUDE_SOURCE;
				MTL_FAST_MATH = YES;
				ONLY_ACTIVE_ARCH = YES;
				PRODUCT_NAME = "$(TARGET_NAME)";
				SDKROOT = xros;
				SWIFT_ACTIVE_COMPILATION_CONDITIONS = DEBUG;
				SWIFT_OPTIMIZATION_LEVEL = "-Onone";
				SWIFT_VERSION = 5.0;
				XROS_DEPLOYMENT_TARGET = 2.0;
			};
			name = Debug;
		};
		F6A829DAA32C5EB125DF2611 /* Debug */ = {
			isa = XCBuildConfiguration;
			buildSettings = {
				ASSETCATALOG_COMPILER_APPICON_NAME = AppIcon;
				CODE_SIGNING_ALLOWED = NO;
				GENERATE_INFOPLIST_FILE = NO;
				INFOPLIST_FILE = Example/Info.plist;
				LD_RUNPATH_SEARCH_PATHS = (
					"$(inherited)",
					"@executable_path/Frameworks",
				);
				PRODUCT_BUNDLE_IDENTIFIER = com.dicyanin.SceneReconExample;
				SDKROOT = xros;
				SWIFT_VERSION = 6.0;
				TARGETED_DEVICE_FAMILY = 7;
			};
			name = Debug;
		};
/* End XCBuildConfiguration section */

/* Begin XCConfigurationList section */
		62B77DC9AD5B2EC92E2D5A4F /* Build configuration list for PBXProject "DicyaninSceneReconstructionExample" */ = {
			isa = XCConfigurationList;
			buildConfigurations = (
				CA90F20C86881C084307A9F1 /* Debug */,
				3F6FFD797DCC76CEAFA3242B /* Release */,
			);
			defaultConfigurationIsVisible = 0;
			defaultConfigurationName = Debug;
		};
		FF064723C21C2EE6AD73202B /* Build configuration list for PBXNativeTarget "DicyaninSceneReconstructionExample" */ = {
			isa = XCConfigurationList;
			buildConfigurations = (
				F6A829DAA32C5EB125DF2611 /* Debug */,
				362D4C58C191D02CF09905DD /* Release */,
			);
			defaultConfigurationIsVisible = 0;
			defaultConfigurationName = Debug;
		};
/* End XCConfigurationList section */

/* Begin XCLocalSwiftPackageReference section */
		809E60FB19D7EEE307C77C4B /* XCLocalSwiftPackageReference ".." */ = {
			isa = XCLocalSwiftPackageReference;
			relativePath = ..;
		};
/* End XCLocalSwiftPackageReference section */

/* Begin XCSwiftPackageProductDependency section */
		0C1D4DB9ED696AD197F4427B /* DicyaninSceneReconstruction */ = {
			isa = XCSwiftPackageProductDependency;
			productName = DicyaninSceneReconstruction;
		};
/* End XCSwiftPackageProductDependency section */
	};
	rootObject = 77A0FD3D33AFA731F0E6F299 /* Project object */;
}
